
Microsoft Visual Studio Solution File, Format Version 12.00
# Visual Studio Version 16
VisualStudioVersion = 16.0.29609.76
MinimumVisualStudioVersion = 10.0.40219.1
Project("{FAE04EC0-301F-11D3-BF4B-00C04F79EFBC}") = "R5.DbMigrations", "R5.DbMigrations\R5.DbMigrations.csproj", "{C17FD3D9-CD1D-406C-B4E7-98EBADA25EC5}"
EndProject
Project("{FAE04EC0-301F-11D3-BF4B-00C04F79EFBC}") = "R5.DbMigrations.Mongo", "R5.DbMigrations.Mongo\R5.DbMigrations.Mongo.csproj", "{F86F072B-BCE3-420C-9D27-E4A8C59B4FAA}"
EndProject
Project("{FAE04EC0-301F-11D3-BF4B-00C04F79EFBC}") = "R5.DbMigrations.DevTest", "R5.DbMigrations.DevTest\R5.DbMigrations.DevTest.csproj", "{C4C38A23-5A3B-4C3D-8CC1-1A9380BD1E0C}"
EndProject
Global
	GlobalSection(SolutionConfigurationPlatforms) = preSolution
		Debug|Any CPU = Debug|Any CPU
		Release|Any CPU = Release|Any CPU
	EndGlobalSection
	GlobalSection(ProjectConfigurationPlatforms) = postSolution
		{C17FD3D9-CD1D-406C-B4E7-98EBADA25EC5}.Debug|Any CPU.ActiveCfg = Debug|Any CPU
		{C17FD3D9-CD1D-406C-B4E7-98EBADA25EC5}.Debug|Any CPU.Build.0 = Debug|Any CPU
		{C17FD3D9-CD1D-406C-B4E7-98EBADA25EC5}.Release|Any CPU.ActiveCfg = Release|Any CPU
		{C17FD3D9-CD1D-406C-B4E7-98EBADA25EC5}.Release|Any CPU.Build.0 = Release|Any CPU
		{F86F072B-BCE3-420C-9D27-E4A8C59B4FAA}.Debug|Any CPU.ActiveCfg = Debug|Any CPU
		{F86F072B-BCE3-420C-9D27-E4A8C59B4FAA}.Debug|Any CPU.Build.0 = Debug|Any CPU
		{F86F072B-BCE3-420C-9D27-E4A8C59B4FAA}.Release|Any CPU.ActiveCfg = Release|Any CPU
		{F86F072B-BCE3-420C-9D27-E4A8C59B4FAA}.Release|Any CPU.Build.0 = Release|Any CPU
		{C4C38A23-5A3B-4C3D-8CC1-1A9380BD1E0C}.Debug|Any CPU.ActiveCfg = Debug|Any CPU
		{C4C38A23-5A3B-4C3D-8CC1-1A9380BD1E0C}.Debug|Any CPU.Build.0 = Debug|Any CPU
		{C4C38A23-5A3B-4C3D-8CC1-1A9380BD1E0C}.Release|Any CPU.ActiveCfg = Release|Any CPU
		{C4C38A23-5A3B-4C3D-8CC1-1A9380BD1E0C}.Release|Any CPU.Build.0 = Release|Any CPU
	EndGlobalSection
	GlobalSection(SolutionProperties) = preSolution
		HideSolutionNode = FALSE
	EndGlobalSection
	GlobalSection(ExtensibilityGlobals) = postSolution
		SolutionGuid = {31923ECF-C69C-4DDF-9639-814E30C46748}
	EndGlobalSection
EndGlobal
