
Microsoft Visual Studio Solution File, Format Version 12.00
# Visual Studio Version 16
VisualStudioVersion = 16.0.29609.76
MinimumVisualStudioVersion = 10.0.40219.1
Project("{FAE04EC0-301F-11D3-BF4B-00C04F79EFBC}") = "R5.DbMigrations", "R5.DbMigrations\R5.DbMigrations.csproj", "{C17FD3D9-CD1D-406C-B4E7-98EBADA25EC5}"
EndProject
Global
	GlobalSection(SolutionConfigurationPlatforms) = preSolution
		Debug|Any CPU = Debug|Any CPU
		Release|Any CPU = Release|Any CPU
	EndGlobalSection
	GlobalSection(ProjectConfigurationPlatforms) = postSolution
		{C17FD3D9-CD1D-406C-B4E7-98EBADA25EC5}.Debug|Any CPU.ActiveCfg = Debug|Any CPU
		{C17FD3D9-CD1D-406C-B4E7-98EBADA25EC5}.Debug|Any CPU.Build.0 = Debug|Any CPU
		{C17FD3D9-CD1D-406C-B4E7-98EBADA25EC5}.Release|Any CPU.ActiveCfg = Release|Any CPU
		{C17FD3D9-CD1D-406C-B4E7-98EBADA25EC5}.Release|Any CPU.Build.0 = Release|Any CPU
	EndGlobalSection
	GlobalSection(SolutionProperties) = preSolution
		HideSolutionNode = FALSE
	EndGlobalSection
	GlobalSection(ExtensibilityGlobals) = postSolution
		SolutionGuid = {31923ECF-C69C-4DDF-9639-814E30C46748}
	EndGlobalSection
EndGlobal
